// !$*UTF8*$!
{
	archiveVersion = 1;
	classes = {
	};
	objectVersion = 56;
	objects = {

/* Begin PBXBuildFile section */
		1E1F5BED2B900AAD00222B57 /* AppDelegate.swift in Sources */ = {isa = PBXBuildFile; fileRef = 1E1F5BEC2B900AAD00222B57 /* AppDelegate.swift */; };
		1E1F5BEF2B900AAD00222B57 /* SceneDelegate.swift in Sources */ = {isa = PBXBuildFile; fileRef = 1E1F5BEE2B900AAD00222B57 /* SceneDelegate.swift */; };
		1E1F5BF12B900AAD00222B57 /* ViewController.swift in Sources */ = {isa = PBXBuildFile; fileRef = 1E1F5BF02B900AAD00222B57 /* ViewController.swift */; };
		1E1F5BF42B900AAD00222B57 /* Main.storyboard in Resources */ = {isa = PBXBuildFile; fileRef = 1E1F5BF22B900AAD00222B57 /* Main.storyboard */; };
		1E1F5BF62B900AAE00222B57 /* Assets.xcassets in Resources */ = {isa = PBXBuildFile; fileRef = 1E1F5BF52B900AAE00222B57 /* Assets.xcassets */; };
		1E1F5BF92B900AAE00222B57 /* LaunchScreen.storyboard in Resources */ = {isa = PBXBuildFile; fileRef = 1E1F5BF72B900AAE00222B57 /* LaunchScreen.storyboard */; };
		1E1F5C032B9015DF00222B57 /* VideoViewController.swift in Sources */ = {isa = PBXBuildFile; fileRef = 1E1F5C022B9015DF00222B57 /* VideoViewController.swift */; };
		1E1F5C052B9019E300222B57 /* video1.mp4 in Resources */ = {isa = PBXBuildFile; fileRef = 1E1F5C042B9019E300222B57 /* video1.mp4 */; };
		1E1F5C072B901A2900222B57 /* Video2ViewController.swift in Sources */ = {isa = PBXBuildFile; fileRef = 1E1F5C062B901A2900222B57 /* Video2ViewController.swift */; };
		1E1F5C092B901AAC00222B57 /* video2.mp4 in Resources */ = {isa = PBXBuildFile; fileRef = 1E1F5C082B901AAC00222B57 /* video2.mp4 */; };
/* End PBXBuildFile section */

/* Begin PBXFileReference section */
		1E1F5BE92B900AAD00222B57 /* tttt.app */ = {isa = PBXFileReference; explicitFileType = wrapper.application; includeInIndex = 0; path = tttt.app; sourceTree = BUILT_PRODUCTS_DIR; };
		1E1F5BEC2B900AAD00222B57 /* AppDelegate.swift */ = {isa = PBXFileReference; lastKnownFileType = sourcecode.swift; path = AppDelegate.swift; sourceTree = "<group>"; };
		1E1F5BEE2B900AAD00222B57 /* SceneDelegate.swift */ = {isa = PBXFileReference; lastKnownFileType = sourcecode.swift; path = SceneDelegate.swift; sourceTree = "<group>"; };
		1E1F5BF02B900AAD00222B57 /* ViewController.swift */ = {isa = PBXFileReference; lastKnownFileType = sourcecode.swift; path = ViewController.swift; sourceTree = "<group>"; };
		1E1F5BF32B900AAD00222B57 /* Base */ = {isa = PBXFileReference; lastKnownFileType = file.storyboard; name = Base; path = Base.lproj/Main.storyboard; sourceTree = "<group>"; };
		1E1F5BF52B900AAE00222B57 /* Assets.xcassets */ = {isa = PBXFileReference; lastKnownFileType = folder.assetcatalog; path = Assets.xcassets; sourceTree = "<group>"; };
		1E1F5BF82B900AAE00222B57 /* Base */ = {isa = PBXFileReference; lastKnownFileType = file.storyboard; name = Base; path = Base.lproj/LaunchScreen.storyboard; sourceTree = "<group>"; };
		1E1F5BFA2B900AAE00222B57 /* Info.plist */ = {isa = PBXFileReference; lastKnownFileType = text.plist.xml; path = Info.plist; sourceTree = "<group>"; };
		1E1F5C022B9015DF00222B57 /* VideoViewController.swift */ = {isa = PBXFileReference; lastKnownFileType = sourcecode.swift; path = VideoViewController.swift; sourceTree = "<group>"; };
		1E1F5C042B9019E300222B57 /* video1.mp4 */ = {isa = PBXFileReference; lastKnownFileType = file; path = video1.mp4; sourceTree = "<group>"; };
		1E1F5C062B901A2900222B57 /* Video2ViewController.swift */ = {isa = PBXFileReference; lastKnownFileType = sourcecode.swift; path = Video2ViewController.swift; sourceTree = "<group>"; };
		1E1F5C082B901AAC00222B57 /* video2.mp4 */ = {isa = PBXFileReference; lastKnownFileType = file; path = video2.mp4; sourceTree = "<group>"; };
/* End PBXFileReference section */

/* Begin PBXFrameworksBuildPhase section */
		1E1F5BE62B900AAD00222B57 /* Frameworks */ = {
			isa = PBXFrameworksBuildPhase;
			buildActionMask = 2147483647;
			files = (
			);
			runOnlyForDeploymentPostprocessing = 0;
		};
/* End PBXFrameworksBuildPhase section */

/* Begin PBXGroup section */
		1E1F5BE02B900AAD00222B57 = {
			isa = PBXGroup;
			children = (
				1E1F5C082B901AAC00222B57 /* video2.mp4 */,
				1E1F5C042B9019E300222B57 /* video1.mp4 */,
				1E1F5BEB2B900AAD00222B57 /* tttt */,
				1E1F5BEA2B900AAD00222B57 /* Products */,
			);
			sourceTree = "<group>";
		};
		1E1F5BEA2B900AAD00222B57 /* Products */ = {
			isa = PBXGroup;
			children = (
				1E1F5BE92B900AAD00222B57 /* tttt.app */,
			);
			name = Products;
			sourceTree = "<group>";
		};
		1E1F5BEB2B900AAD00222B57 /* tttt */ = {
			isa = PBXGroup;
			children = (
				1E1F5C0C2B90230D00222B57 /* Model */,
				1E1F5C0B2B90230600222B57 /* View */,
				1E1F5C0A2B9022FC00222B57 /* Controller */,
				1E1F5BEC2B900AAD00222B57 /* AppDelegate.swift */,
				1E1F5BEE2B900AAD00222B57 /* SceneDelegate.swift */,
				1E1F5BF52B900AAE00222B57 /* Assets.xcassets */,
				1E1F5BF72B900AAE00222B57 /* LaunchScreen.storyboard */,
				1E1F5BFA2B900AAE00222B57 /* Info.plist */,
			);
			path = tttt;
			sourceTree = "<group>";
		};
		1E1F5C0A2B9022FC00222B57 /* Controller */ = {
			isa = PBXGroup;
			children = (
				1E1F5C062B901A2900222B57 /* Video2ViewController.swift */,
				1E1F5C022B9015DF00222B57 /* VideoViewController.swift */,
				1E1F5BF02B900AAD00222B57 /* ViewController.swift */,
			);
			path = Controller;
			sourceTree = "<group>";
		};
		1E1F5C0B2B90230600222B57 /* View */ = {
			isa = PBXGroup;
			children = (
				1E1F5BF22B900AAD00222B57 /* Main.storyboard */,
			);
			path = View;
			sourceTree = "<group>";
		};
		1E1F5C0C2B90230D00222B57 /* Model */ = {
			isa = PBXGroup;
			children = (
			);
			path = Model;
			sourceTree = "<group>";
		};
/* End PBXGroup section */

/* Begin PBXNativeTarget section */
		1E1F5BE82B900AAD00222B57 /* tttt */ = {
			isa = PBXNativeTarget;
			buildConfigurationList = 1E1F5BFD2B900AAE00222B57 /* Build configuration list for PBXNativeTarget "tttt" */;
			buildPhases = (
				1E1F5BE52B900AAD00222B57 /* Sources */,
				1E1F5BE62B900AAD00222B57 /* Frameworks */,
				1E1F5BE72B900AAD00222B57 /* Resources */,
			);
			buildRules = (
			);
			dependencies = (
			);
			name = tttt;
			productName = tttt;
			productReference = 1E1F5BE92B900AAD00222B57 /* tttt.app */;
			productType = "com.apple.product-type.application";
		};
/* End PBXNativeTarget section */

/* Begin PBXProject section */
		1E1F5BE12B900AAD00222B57 /* Project object */ = {
			isa = PBXProject;
			attributes = {
				BuildIndependentTargetsInParallel = 1;
				LastSwiftUpdateCheck = 1500;
				LastUpgradeCheck = 1500;
				TargetAttributes = {
					1E1F5BE82B900AAD00222B57 = {
						CreatedOnToolsVersion = 15.0;
					};
				};
			};
			buildConfigurationList = 1E1F5BE42B900AAD00222B57 /* Build configuration list for PBXProject "tttt" */;
			compatibilityVersion = "Xcode 14.0";
			developmentRegion = en;
			hasScannedForEncodings = 0;
			knownRegions = (
				en,
				Base,
			);
			mainGroup = 1E1F5BE02B900AAD00222B57;
			productRefGroup = 1E1F5BEA2B900AAD00222B57 /* Products */;
			projectDirPath = "";
			projectRoot = "";
			targets = (
				1E1F5BE82B900AAD00222B57 /* tttt */,
			);
		};
/* End PBXProject section */

/* Begin PBXResourcesBuildPhase section */
		1E1F5BE72B900AAD00222B57 /* Resources */ = {
			isa = PBXResourcesBuildPhase;
			buildActionMask = 2147483647;
			files = (
				1E1F5C092B901AAC00222B57 /* video2.mp4 in Resources */,
				1E1F5C052B9019E300222B57 /* video1.mp4 in Resources */,
				1E1F5BF92B900AAE00222B57 /* LaunchScreen.storyboard in Resources */,
				1E1F5BF62B900AAE00222B57 /* Assets.xcassets in Resources */,
				1E1F5BF42B900AAD00222B57 /* Main.storyboard in Resources */,
			);
			runOnlyForDeploymentPostprocessing = 0;
		};
/* End PBXResourcesBuildPhase section */

/* Begin PBXSourcesBuildPhase section */
		1E1F5BE52B900AAD00222B57 /* Sources */ = {
			isa = PBXSourcesBuildPhase;
			buildActionMask = 2147483647;
			files = (
				1E1F5BF12B900AAD00222B57 /* ViewController.swift in Sources */,
				1E1F5BED2B900AAD00222B57 /* AppDelegate.swift in Sources */,
				1E1F5C032B9015DF00222B57 /* VideoViewController.swift in Sources */,
				1E1F5C072B901A2900222B57 /* Video2ViewController.swift in Sources */,
				1E1F5BEF2B900AAD00222B57 /* SceneDelegate.swift in Sources */,
			);
			runOnlyForDeploymentPostprocessing = 0;
		};
/* End PBXSourcesBuildPhase section */

/* Begin PBXVariantGroup section */
		1E1F5BF22B900AAD00222B57 /* Main.storyboard */ = {
			isa = PBXVariantGroup;
			children = (
				1E1F5BF32B900AAD00222B57 /* Base */,
			);
			name = Main.storyboard;
			sourceTree = "<group>";
		};
		1E1F5BF72B900AAE00222B57 /* LaunchScreen.storyboard */ = {
			isa = PBXVariantGroup;
			children = (
				1E1F5BF82B900AAE00222B57 /* Base */,
			);
			name = LaunchScreen.storyboard;
			sourceTree = "<group>";
		};
/* End PBXVariantGroup section */

/* Begin XCBuildConfiguration section */
		1E1F5BFB2B900AAE00222B57 /* Debug */ = {
			isa = XCBuildConfiguration;
			buildSettings = {
				ALWAYS_SEARCH_USER_PATHS = NO;
				ASSETCATALOG_COMPILER_GENERATE_SWIFT_ASSET_SYMBOL_EXTENSIONS = YES;
				CLANG_ANALYZER_NONNULL = YES;
				CLANG_ANALYZER_NUMBER_OBJECT_CONVERSION = YES_AGGRESSIVE;
				CLANG_CXX_LANGUAGE_STANDARD = "gnu++20";
				CLANG_ENABLE_MODULES = YES;
				CLANG_ENABLE_OBJC_ARC = YES;
				CLANG_ENABLE_OBJC_WEAK = YES;
				CLANG_WARN_BLOCK_CAPTURE_AUTORELEASING = YES;
				CLANG_WARN_BOOL_CONVERSION = YES;
				CLANG_WARN_COMMA = YES;
				CLANG_WARN_CONSTANT_CONVERSION = YES;
				CLANG_WARN_DEPRECATED_OBJC_IMPLEMENTATIONS = YES;
				CLANG_WARN_DIRECT_OBJC_ISA_USAGE = YES_ERROR;
				CLANG_WARN_DOCUMENTATION_COMMENTS = YES;
				CLANG_WARN_EMPTY_BODY = YES;
				CLANG_WARN_ENUM_CONVERSION = YES;
				CLANG_WARN_INFINITE_RECURSION = YES;
				CLANG_WARN_INT_CONVERSION = YES;
				CLANG_WARN_NON_LITERAL_NULL_CONVERSION = YES;
				CLANG_WARN_OBJC_IMPLICIT_RETAIN_SELF = YES;
				CLANG_WARN_OBJC_LITERAL_CONVERSION = YES;
				CLANG_WARN_OBJC_ROOT_CLASS = YES_ERROR;
				CLANG_WARN_QUOTED_INCLUDE_IN_FRAMEWORK_HEADER = YES;
				CLANG_WARN_RANGE_LOOP_ANALYSIS = YES;
				CLANG_WARN_STRICT_PROTOTYPES = YES;
				CLANG_WARN_SUSPICIOUS_MOVE = YES;
				CLANG_WARN_UNGUARDED_AVAILABILITY = YES_AGGRESSIVE;
				CLANG_WARN_UNREACHABLE_CODE = YES;
				CLANG_WARN__DUPLICATE_METHOD_MATCH = YES;
				COPY_PHASE_STRIP = NO;
				DEBUG_INFORMATION_FORMAT = dwarf;
				ENABLE_STRICT_OBJC_MSGSEND = YES;
				ENABLE_TESTABILITY = YES;
				ENABLE_USER_SCRIPT_SANDBOXING = YES;
				GCC_C_LANGUAGE_STANDARD = gnu17;
				GCC_DYNAMIC_NO_PIC = NO;
				GCC_NO_COMMON_BLOCKS = YES;
				GCC_OPTIMIZATION_LEVEL = 0;
				GCC_PREPROCESSOR_DEFINITIONS = (
					"DEBUG=1",
					"$(inherited)",
				);
				GCC_WARN_64_TO_32_BIT_CONVERSION = YES;
				GCC_WARN_ABOUT_RETURN_TYPE = YES_ERROR;
				GCC_WARN_UNDECLARED_SELECTOR = YES;
				GCC_WARN_UNINITIALIZED_AUTOS = YES_AGGRESSIVE;
				GCC_WARN_UNUSED_FUNCTION = YES;
				GCC_WARN_UNUSED_VARIABLE = YES;
				IPHONEOS_DEPLOYMENT_TARGET = 17.0;
				LOCALIZATION_PREFERS_STRING_CATALOGS = YES;
				MTL_ENABLE_DEBUG_INFO = INCLUDE_SOURCE;
				MTL_FAST_MATH = YES;
				ONLY_ACTIVE_ARCH = YES;
				SDKROOT = iphoneos;
				SWIFT_ACTIVE_COMPILATION_CONDITIONS = "DEBUG $(inherited)";
				SWIFT_OPTIMIZATION_LEVEL = "-Onone";
			};
			name = Debug;
		};
		1E1F5BFC2B900AAE00222B57 /* Release */ = {
			isa = XCBuildConfiguration;
			buildSettings = {
				ALWAYS_SEARCH_USER_PATHS = NO;
				ASSETCATALOG_COMPILER_GENERATE_SWIFT_ASSET_SYMBOL_EXTENSIONS = YES;
				CLANG_ANALYZER_NONNULL = YES;
				CLANG_ANALYZER_NUMBER_OBJECT_CONVERSION = YES_AGGRESSIVE;
				CLANG_CXX_LANGUAGE_STANDARD = "gnu++20";
				CLANG_ENABLE_MODULES = YES;
				CLANG_ENABLE_OBJC_ARC = YES;
				CLANG_ENABLE_OBJC_WEAK = YES;
				CLANG_WARN_BLOCK_CAPTURE_AUTORELEASING = YES;
				CLANG_WARN_BOOL_CONVERSION = YES;
				CLANG_WARN_COMMA = YES;
				CLANG_WARN_CONSTANT_CONVERSION = YES;
				CLANG_WARN_DEPRECATED_OBJC_IMPLEMENTATIONS = YES;
				CLANG_WARN_DIRECT_OBJC_ISA_USAGE = YES_ERROR;
				CLANG_WARN_DOCUMENTATION_COMMENTS = YES;
				CLANG_WARN_EMPTY_BODY = YES;
				CLANG_WARN_ENUM_CONVERSION = YES;
				CLANG_WARN_INFINITE_RECURSION = YES;
				CLANG_WARN_INT_CONVERSION = YES;
				CLANG_WARN_NON_LITERAL_NULL_CONVERSION = YES;
				CLANG_WARN_OBJC_IMPLICIT_RETAIN_SELF = YES;
				CLANG_WARN_OBJC_LITERAL_CONVERSION = YES;
				CLANG_WARN_OBJC_ROOT_CLASS = YES_ERROR;
				CLANG_WARN_QUOTED_INCLUDE_IN_FRAMEWORK_HEADER = YES;
				CLANG_WARN_RANGE_LOOP_ANALYSIS = YES;
				CLANG_WARN_STRICT_PROTOTYPES = YES;
				CLANG_WARN_SUSPICIOUS_MOVE = YES;
				CLANG_WARN_UNGUARDED_AVAILABILITY = YES_AGGRESSIVE;
				CLANG_WARN_UNREACHABLE_CODE = YES;
				CLANG_WARN__DUPLICATE_METHOD_MATCH = YES;
				COPY_PHASE_STRIP = NO;
				DEBUG_INFORMATION_FORMAT = "dwarf-with-dsym";
				ENABLE_NS_ASSERTIONS = NO;
				ENABLE_STRICT_OBJC_MSGSEND = YES;
				ENABLE_USER_SCRIPT_SANDBOXING = YES;
				GCC_C_LANGUAGE_STANDARD = gnu17;
				GCC_NO_COMMON_BLOCKS = YES;
				GCC_WARN_64_TO_32_BIT_CONVERSION = YES;
				GCC_WARN_ABOUT_RETURN_TYPE = YES_ERROR;
				GCC_WARN_UNDECLARED_SELECTOR = YES;
				GCC_WARN_UNINITIALIZED_AUTOS = YES_AGGRESSIVE;
				GCC_WARN_UNUSED_FUNCTION = YES;
				GCC_WARN_UNUSED_VARIABLE = YES;
				IPHONEOS_DEPLOYMENT_TARGET = 17.0;
				LOCALIZATION_PREFERS_STRING_CATALOGS = YES;
				MTL_ENABLE_DEBUG_INFO = NO;
				MTL_FAST_MATH = YES;
				SDKROOT = iphoneos;
				SWIFT_COMPILATION_MODE = wholemodule;
				VALIDATE_PRODUCT = YES;
			};
			name = Release;
		};
		1E1F5BFE2B900AAE00222B57 /* Debug */ = {
			isa = XCBuildConfiguration;
			buildSettings = {
				ASSETCATALOG_COMPILER_APPICON_NAME = AppIcon;
				ASSETCATALOG_COMPILER_GLOBAL_ACCENT_COLOR_NAME = AccentColor;
				CODE_SIGN_STYLE = Automatic;
				CURRENT_PROJECT_VERSION = 1;
				DEVELOPMENT_TEAM = DN3ZPRBFG4;
				GENERATE_INFOPLIST_FILE = YES;
				INFOPLIST_FILE = tttt/Info.plist;
				INFOPLIST_KEY_UIApplicationSupportsIndirectInputEvents = YES;
				INFOPLIST_KEY_UILaunchStoryboardName = LaunchScreen;
				INFOPLIST_KEY_UIMainStoryboardFile = Main;
				INFOPLIST_KEY_UISupportedInterfaceOrientations_iPad = "UIInterfaceOrientationPortrait UIInterfaceOrientationPortraitUpsideDown UIInterfaceOrientationLandscapeLeft UIInterfaceOrientationLandscapeRight";
				INFOPLIST_KEY_UISupportedInterfaceOrientations_iPhone = "UIInterfaceOrientationPortrait UIInterfaceOrientationLandscapeLeft UIInterfaceOrientationLandscapeRight";
				LD_RUNPATH_SEARCH_PATHS = (
					"$(inherited)",
					"@executable_path/Frameworks",
				);
				MARKETING_VERSION = 1.0;
				PRODUCT_BUNDLE_IDENTIFIER = com.Peanut.tttt;
				PRODUCT_NAME = "$(TARGET_NAME)";
				SWIFT_EMIT_LOC_STRINGS = YES;
				SWIFT_VERSION = 5.0;
				TARGETED_DEVICE_FAMILY = "1,2";
			};
			name = Debug;
		};
		1E1F5BFF2B900AAE00222B57 /* Release */ = {
			isa = XCBuildConfiguration;
			buildSettings = {
				ASSETCATALOG_COMPILER_APPICON_NAME = AppIcon;
				ASSETCATALOG_COMPILER_GLOBAL_ACCENT_COLOR_NAME = AccentColor;
				CODE_SIGN_STYLE = Automatic;
				CURRENT_PROJECT_VERSION = 1;
				DEVELOPMENT_TEAM = DN3ZPRBFG4;
				GENERATE_INFOPLIST_FILE = YES;
				INFOPLIST_FILE = tttt/Info.plist;
				INFOPLIST_KEY_UIApplicationSupportsIndirectInputEvents = YES;
				INFOPLIST_KEY_UILaunchStoryboardName = LaunchScreen;
				INFOPLIST_KEY_UIMainStoryboardFile = Main;
				INFOPLIST_KEY_UISupportedInterfaceOrientations_iPad = "UIInterfaceOrientationPortrait UIInterfaceOrientationPortraitUpsideDown UIInterfaceOrientationLandscapeLeft UIInterfaceOrientationLandscapeRight";
				INFOPLIST_KEY_UISupportedInterfaceOrientations_iPhone = "UIInterfaceOrientationPortrait UIInterfaceOrientationLandscapeLeft UIInterfaceOrientationLandscapeRight";
				LD_RUNPATH_SEARCH_PATHS = (
					"$(inherited)",
					"@executable_path/Frameworks",
				);
				MARKETING_VERSION = 1.0;
				PRODUCT_BUNDLE_IDENTIFIER = com.Peanut.tttt;
				PRODUCT_NAME = "$(TARGET_NAME)";
				SWIFT_EMIT_LOC_STRINGS = YES;
				SWIFT_VERSION = 5.0;
				TARGETED_DEVICE_FAMILY = "1,2";
			};
			name = Release;
		};
/* End XCBuildConfiguration section */

/* Begin XCConfigurationList section */
		1E1F5BE42B900AAD00222B57 /* Build configuration list for PBXProject "tttt" */ = {
			isa = XCConfigurationList;
			buildConfigurations = (
				1E1F5BFB2B900AAE00222B57 /* Debug */,
				1E1F5BFC2B900AAE00222B57 /* Release */,
			);
			defaultConfigurationIsVisible = 0;
			defaultConfigurationName = Release;
		};
		1E1F5BFD2B900AAE00222B57 /* Build configuration list for PBXNativeTarget "tttt" */ = {
			isa = XCConfigurationList;
			buildConfigurations = (
				1E1F5BFE2B900AAE00222B57 /* Debug */,
				1E1F5BFF2B900AAE00222B57 /* Release */,
			);
			defaultConfigurationIsVisible = 0;
			defaultConfigurationName = Release;
		};
/* End XCConfigurationList section */
	};
	rootObject = 1E1F5BE12B900AAD00222B57 /* Project object */;
}
